
Microsoft Visual Studio Solution File, Format Version 12.00
# Visual Studio 2012
Project("{FAE04EC0-301F-11D3-BF4B-00C04F79EFBC}") = "MongoTwitterApp", "MongoTwitterApp\MongoTwitterApp.csproj", "{EAAC8BE7-12C0-4485-92E2-7785BF50D860}"
EndProject
Global
	GlobalSection(SolutionConfigurationPlatforms) = preSolution
		Debug|Any CPU = Debug|Any CPU
		Release|Any CPU = Release|Any CPU
	EndGlobalSection
	GlobalSection(ProjectConfigurationPlatforms) = postSolution
		{EAAC8BE7-12C0-4485-92E2-7785BF50D860}.Debug|Any CPU.ActiveCfg = Debug|Any CPU
		{EAAC8BE7-12C0-4485-92E2-7785BF50D860}.Debug|Any CPU.Build.0 = Debug|Any CPU
		{EAAC8BE7-12C0-4485-92E2-7785BF50D860}.Release|Any CPU.ActiveCfg = Release|Any CPU
		{EAAC8BE7-12C0-4485-92E2-7785BF50D860}.Release|Any CPU.Build.0 = Release|Any CPU
	EndGlobalSection
	GlobalSection(SolutionProperties) = preSolution
		HideSolutionNode = FALSE
	EndGlobalSection
EndGlobal
